
Microsoft Visual Studio Solution File, Format Version 12.00
# Visual Studio 14
VisualStudioVersion = 14.0.25420.1
MinimumVisualStudioVersion = 10.0.40219.1
Project("{FAE04EC0-301F-11D3-BF4B-00C04F79EFBC}") = "PopcornTask", "PopcornTask\PopcornTask.csproj", "{559F4378-C355-4B10-8966-A67EDFFE1E97}"
EndProject
Project("{FAE04EC0-301F-11D3-BF4B-00C04F79EFBC}") = "PopcornTask.Tests", "PopcornTask.Tests\PopcornTask.Tests.csproj", "{52A08AA4-4336-4510-B737-294DE4699780}"
EndProject
Global
	GlobalSection(SolutionConfigurationPlatforms) = preSolution
		Debug|Any CPU = Debug|Any CPU
		Release|Any CPU = Release|Any CPU
	EndGlobalSection
	GlobalSection(ProjectConfigurationPlatforms) = postSolution
		{559F4378-C355-4B10-8966-A67EDFFE1E97}.Debug|Any CPU.ActiveCfg = Debug|Any CPU
		{559F4378-C355-4B10-8966-A67EDFFE1E97}.Debug|Any CPU.Build.0 = Debug|Any CPU
		{559F4378-C355-4B10-8966-A67EDFFE1E97}.Release|Any CPU.ActiveCfg = Release|Any CPU
		{559F4378-C355-4B10-8966-A67EDFFE1E97}.Release|Any CPU.Build.0 = Release|Any CPU
		{52A08AA4-4336-4510-B737-294DE4699780}.Debug|Any CPU.ActiveCfg = Debug|Any CPU
		{52A08AA4-4336-4510-B737-294DE4699780}.Debug|Any CPU.Build.0 = Debug|Any CPU
		{52A08AA4-4336-4510-B737-294DE4699780}.Release|Any CPU.ActiveCfg = Release|Any CPU
		{52A08AA4-4336-4510-B737-294DE4699780}.Release|Any CPU.Build.0 = Release|Any CPU
	EndGlobalSection
	GlobalSection(SolutionProperties) = preSolution
		HideSolutionNode = FALSE
	EndGlobalSection
EndGlobal
